// !$*UTF8*$!
{
	archiveVersion = 1;
	classes = {
	};
	objectVersion = 77;
	objects = {

/* Begin PBXBuildFile section */
		5A0EE55D2ED5296C00E6E58E /* WidgetKit.framework in Frameworks */ = {isa = PBXBuildFile; fileRef = 5A0EE55C2ED5296C00E6E58E /* WidgetKit.framework */; };
		5A0EE55F2ED5296C00E6E58E /* SwiftUI.framework in Frameworks */ = {isa = PBXBuildFile; fileRef = 5A0EE55E2ED5296C00E6E58E /* SwiftUI.framework */; };
		5A0EE56E2ED5296D00E6E58E /* PauseWidgetExtension.appex in Embed Foundation Extensions */ = {isa = PBXBuildFile; fileRef = 5A0EE55A2ED5296C00E6E58E /* PauseWidgetExtension.appex */; settings = {ATTRIBUTES = (RemoveHeadersOnCopy, ); }; };
/* End PBXBuildFile section */

/* Begin PBXContainerItemProxy section */
		5A0EE56C2ED5296D00E6E58E /* PBXContainerItemProxy */ = {
			isa = PBXContainerItemProxy;
			containerPortal = 5AEA33BB2ED2749400D5C7ED /* Project object */;
			proxyType = 1;
			remoteGlobalIDString = 5A0EE5592ED5296C00E6E58E;
			remoteInfo = PauseWidgetExtension;
		};
		5AEA33D52ED2749400D5C7ED /* PBXContainerItemProxy */ = {
			isa = PBXContainerItemProxy;
			containerPortal = 5AEA33BB2ED2749400D5C7ED /* Project object */;
			proxyType = 1;
			remoteGlobalIDString = 5AEA33C22ED2749400D5C7ED;
			remoteInfo = Pause;
		};
		5AEA33DF2ED2749400D5C7ED /* PBXContainerItemProxy */ = {
			isa = PBXContainerItemProxy;
			containerPortal = 5AEA33BB2ED2749400D5C7ED /* Project object */;
			proxyType = 1;
			remoteGlobalIDString = 5AEA33C22ED2749400D5C7ED;
			remoteInfo = Pause;
		};
/* End PBXContainerItemProxy section */

/* Begin PBXCopyFilesBuildPhase section */
		5A0EE5732ED5296D00E6E58E /* Embed Foundation Extensions */ = {
			isa = PBXCopyFilesBuildPhase;
			buildActionMask = 2147483647;
			dstPath = "";
			dstSubfolderSpec = 13;
			files = (
				5A0EE56E2ED5296D00E6E58E /* PauseWidgetExtension.appex in Embed Foundation Extensions */,
			);
			name = "Embed Foundation Extensions";
			runOnlyForDeploymentPostprocessing = 0;
		};
/* End PBXCopyFilesBuildPhase section */

/* Begin PBXFileReference section */
		5A0EE55A2ED5296C00E6E58E /* PauseWidgetExtension.appex */ = {isa = PBXFileReference; explicitFileType = "wrapper.app-extension"; includeInIndex = 0; path = PauseWidgetExtension.appex; sourceTree = BUILT_PRODUCTS_DIR; };
		5A0EE55C2ED5296C00E6E58E /* WidgetKit.framework */ = {isa = PBXFileReference; lastKnownFileType = wrapper.framework; name = WidgetKit.framework; path = System/Library/Frameworks/WidgetKit.framework; sourceTree = SDKROOT; };
		5A0EE55E2ED5296C00E6E58E /* SwiftUI.framework */ = {isa = PBXFileReference; lastKnownFileType = wrapper.framework; name = SwiftUI.framework; path = System/Library/Frameworks/SwiftUI.framework; sourceTree = SDKROOT; };
		5A0EE5742ED52AE500E6E58E /* PauseWidgetExtension.entitlements */ = {isa = PBXFileReference; lastKnownFileType = text.plist.entitlements; path = PauseWidgetExtension.entitlements; sourceTree = "<group>"; };
		5AEA33C32ED2749400D5C7ED /* Pause.app */ = {isa = PBXFileReference; explicitFileType = wrapper.application; includeInIndex = 0; path = Pause.app; sourceTree = BUILT_PRODUCTS_DIR; };
		5AEA33D42ED2749400D5C7ED /* PauseTests.xctest */ = {isa = PBXFileReference; explicitFileType = wrapper.cfbundle; includeInIndex = 0; path = PauseTests.xctest; sourceTree = BUILT_PRODUCTS_DIR; };
		5AEA33DE2ED2749400D5C7ED /* PauseUITests.xctest */ = {isa = PBXFileReference; explicitFileType = wrapper.cfbundle; includeInIndex = 0; path = PauseUITests.xctest; sourceTree = BUILT_PRODUCTS_DIR; };
/* End PBXFileReference section */

/* Begin PBXFileSystemSynchronizedBuildFileExceptionSet section */
		5A0EE5722ED5296D00E6E58E /* Exceptions for "PauseWidget" folder in "PauseWidgetExtension" target */ = {
			isa = PBXFileSystemSynchronizedBuildFileExceptionSet;
			membershipExceptions = (
				Info.plist,
			);
			target = 5A0EE5592ED5296C00E6E58E /* PauseWidgetExtension */;
		};
		5A1D2C542ED6962400411F16 /* Exceptions for "Pause" folder in "Pause" target */ = {
			isa = PBXFileSystemSynchronizedBuildFileExceptionSet;
			membershipExceptions = (
				Info.plist,
			);
			target = 5AEA33C22ED2749400D5C7ED /* Pause */;
		};
/* End PBXFileSystemSynchronizedBuildFileExceptionSet section */

/* Begin PBXFileSystemSynchronizedRootGroup section */
		5A0EE5602ED5296C00E6E58E /* PauseWidget */ = {
			isa = PBXFileSystemSynchronizedRootGroup;
			exceptions = (
				5A0EE5722ED5296D00E6E58E /* Exceptions for "PauseWidget" folder in "PauseWidgetExtension" target */,
			);
			path = PauseWidget;
			sourceTree = "<group>";
		};
		5AEA33C52ED2749400D5C7ED /* Pause */ = {
			isa = PBXFileSystemSynchronizedRootGroup;
			exceptions = (
				5A1D2C542ED6962400411F16 /* Exceptions for "Pause" folder in "Pause" target */,
			);
			path = Pause;
			sourceTree = "<group>";
		};
		5AEA33D72ED2749400D5C7ED /* PauseTests */ = {
			isa = PBXFileSystemSynchronizedRootGroup;
			path = PauseTests;
			sourceTree = "<group>";
		};
		5AEA33E12ED2749400D5C7ED /* PauseUITests */ = {
			isa = PBXFileSystemSynchronizedRootGroup;
			path = PauseUITests;
			sourceTree = "<group>";
		};
/* End PBXFileSystemSynchronizedRootGroup section */

/* Begin PBXFrameworksBuildPhase section */
		5A0EE5572ED5296C00E6E58E /* Frameworks */ = {
			isa = PBXFrameworksBuildPhase;
			buildActionMask = 2147483647;
			files = (
				5A0EE55F2ED5296C00E6E58E /* SwiftUI.framework in Frameworks */,
				5A0EE55D2ED5296C00E6E58E /* WidgetKit.framework in Frameworks */,
			);
			runOnlyForDeploymentPostprocessing = 0;
		};
		5AEA33C02ED2749400D5C7ED /* Frameworks */ = {
			isa = PBXFrameworksBuildPhase;
			buildActionMask = 2147483647;
			files = (
			);
			runOnlyForDeploymentPostprocessing = 0;
		};
		5AEA33D12ED2749400D5C7ED /* Frameworks */ = {
			isa = PBXFrameworksBuildPhase;
			buildActionMask = 2147483647;
			files = (
			);
			runOnlyForDeploymentPostprocessing = 0;
		};
		5AEA33DB2ED2749400D5C7ED /* Frameworks */ = {
			isa = PBXFrameworksBuildPhase;
			buildActionMask = 2147483647;
			files = (
			);
			runOnlyForDeploymentPostprocessing = 0;
		};
/* End PBXFrameworksBuildPhase section */

/* Begin PBXGroup section */
		5A0EE55B2ED5296C00E6E58E /* Frameworks */ = {
			isa = PBXGroup;
			children = (
				5A0EE55C2ED5296C00E6E58E /* WidgetKit.framework */,
				5A0EE55E2ED5296C00E6E58E /* SwiftUI.framework */,
			);
			name = Frameworks;
			sourceTree = "<group>";
		};
		5AEA33BA2ED2749400D5C7ED = {
			isa = PBXGroup;
			children = (
				5A0EE5742ED52AE500E6E58E /* PauseWidgetExtension.entitlements */,
				5AEA33C52ED2749400D5C7ED /* Pause */,
				5AEA33D72ED2749400D5C7ED /* PauseTests */,
				5AEA33E12ED2749400D5C7ED /* PauseUITests */,
				5A0EE5602ED5296C00E6E58E /* PauseWidget */,
				5A0EE55B2ED5296C00E6E58E /* Frameworks */,
				5AEA33C42ED2749400D5C7ED /* Products */,
			);
			sourceTree = "<group>";
		};
		5AEA33C42ED2749400D5C7ED /* Products */ = {
			isa = PBXGroup;
			children = (
				5AEA33C32ED2749400D5C7ED /* Pause.app */,
				5AEA33D42ED2749400D5C7ED /* PauseTests.xctest */,
				5AEA33DE2ED2749400D5C7ED /* PauseUITests.xctest */,
				5A0EE55A2ED5296C00E6E58E /* PauseWidgetExtension.appex */,
			);
			name = Products;
			sourceTree = "<group>";
		};
/* End PBXGroup section */

/* Begin PBXNativeTarget section */
		5A0EE5592ED5296C00E6E58E /* PauseWidgetExtension */ = {
			isa = PBXNativeTarget;
			buildConfigurationList = 5A0EE56F2ED5296D00E6E58E /* Build configuration list for PBXNativeTarget "PauseWidgetExtension" */;
			buildPhases = (
				5A0EE5562ED5296C00E6E58E /* Sources */,
				5A0EE5572ED5296C00E6E58E /* Frameworks */,
				5A0EE5582ED5296C00E6E58E /* Resources */,
			);
			buildRules = (
			);
			dependencies = (
			);
			fileSystemSynchronizedGroups = (
				5A0EE5602ED5296C00E6E58E /* PauseWidget */,
			);
			name = PauseWidgetExtension;
			packageProductDependencies = (
			);
			productName = PauseWidgetExtension;
			productReference = 5A0EE55A2ED5296C00E6E58E /* PauseWidgetExtension.appex */;
			productType = "com.apple.product-type.app-extension";
		};
		5AEA33C22ED2749400D5C7ED /* Pause */ = {
			isa = PBXNativeTarget;
			buildConfigurationList = 5AEA33E72ED2749400D5C7ED /* Build configuration list for PBXNativeTarget "Pause" */;
			buildPhases = (
				5AEA33BF2ED2749400D5C7ED /* Sources */,
				5AEA33C02ED2749400D5C7ED /* Frameworks */,
				5AEA33C12ED2749400D5C7ED /* Resources */,
				5A0EE5732ED5296D00E6E58E /* Embed Foundation Extensions */,
			);
			buildRules = (
			);
			dependencies = (
				5A0EE56D2ED5296D00E6E58E /* PBXTargetDependency */,
			);
			fileSystemSynchronizedGroups = (
				5AEA33C52ED2749400D5C7ED /* Pause */,
			);
			name = Pause;
			packageProductDependencies = (
			);
			productName = Pause;
			productReference = 5AEA33C32ED2749400D5C7ED /* Pause.app */;
			productType = "com.apple.product-type.application";
		};
		5AEA33D32ED2749400D5C7ED /* PauseTests */ = {
			isa = PBXNativeTarget;
			buildConfigurationList = 5AEA33EC2ED2749400D5C7ED /* Build configuration list for PBXNativeTarget "PauseTests" */;
			buildPhases = (
				5AEA33D02ED2749400D5C7ED /* Sources */,
				5AEA33D12ED2749400D5C7ED /* Frameworks */,
				5AEA33D22ED2749400D5C7ED /* Resources */,
			);
			buildRules = (
			);
			dependencies = (
				5AEA33D62ED2749400D5C7ED /* PBXTargetDependency */,
			);
			fileSystemSynchronizedGroups = (
				5AEA33D72ED2749400D5C7ED /* PauseTests */,
			);
			name = PauseTests;
			packageProductDependencies = (
			);
			productName = PauseTests;
			productReference = 5AEA33D42ED2749400D5C7ED /* PauseTests.xctest */;
			productType = "com.apple.product-type.bundle.unit-test";
		};
		5AEA33DD2ED2749400D5C7ED /* PauseUITests */ = {
			isa = PBXNativeTarget;
			buildConfigurationList = 5AEA33EF2ED2749400D5C7ED /* Build configuration list for PBXNativeTarget "PauseUITests" */;
			buildPhases = (
				5AEA33DA2ED2749400D5C7ED /* Sources */,
				5AEA33DB2ED2749400D5C7ED /* Frameworks */,
				5AEA33DC2ED2749400D5C7ED /* Resources */,
			);
			buildRules = (
			);
			dependencies = (
				5AEA33E02ED2749400D5C7ED /* PBXTargetDependency */,
			);
			fileSystemSynchronizedGroups = (
				5AEA33E12ED2749400D5C7ED /* PauseUITests */,
			);
			name = PauseUITests;
			packageProductDependencies = (
			);
			productName = PauseUITests;
			productReference = 5AEA33DE2ED2749400D5C7ED /* PauseUITests.xctest */;
			productType = "com.apple.product-type.bundle.ui-testing";
		};
/* End PBXNativeTarget section */

/* Begin PBXProject section */
		5AEA33BB2ED2749400D5C7ED /* Project object */ = {
			isa = PBXProject;
			attributes = {
				BuildIndependentTargetsInParallel = 1;
				LastSwiftUpdateCheck = 2610;
				LastUpgradeCheck = 2610;
				TargetAttributes = {
					5A0EE5592ED5296C00E6E58E = {
						CreatedOnToolsVersion = 26.1.1;
					};
					5AEA33C22ED2749400D5C7ED = {
						CreatedOnToolsVersion = 26.1.1;
					};
					5AEA33D32ED2749400D5C7ED = {
						CreatedOnToolsVersion = 26.1.1;
						TestTargetID = 5AEA33C22ED2749400D5C7ED;
					};
					5AEA33DD2ED2749400D5C7ED = {
						CreatedOnToolsVersion = 26.1.1;
						TestTargetID = 5AEA33C22ED2749400D5C7ED;
					};
				};
			};
			buildConfigurationList = 5AEA33BE2ED2749400D5C7ED /* Build configuration list for PBXProject "Pause" */;
			developmentRegion = en;
			hasScannedForEncodings = 0;
			knownRegions = (
				en,
				Base,
			);
			mainGroup = 5AEA33BA2ED2749400D5C7ED;
			minimizedProjectReferenceProxies = 1;
			preferredProjectObjectVersion = 77;
			productRefGroup = 5AEA33C42ED2749400D5C7ED /* Products */;
			projectDirPath = "";
			projectRoot = "";
			targets = (
				5AEA33C22ED2749400D5C7ED /* Pause */,
				5AEA33D32ED2749400D5C7ED /* PauseTests */,
				5AEA33DD2ED2749400D5C7ED /* PauseUITests */,
				5A0EE5592ED5296C00E6E58E /* PauseWidgetExtension */,
			);
		};
/* End PBXProject section */

/* Begin PBXResourcesBuildPhase section */
		5A0EE5582ED5296C00E6E58E /* Resources */ = {
			isa = PBXResourcesBuildPhase;
			buildActionMask = 2147483647;
			files = (
			);
			runOnlyForDeploymentPostprocessing = 0;
		};
		5AEA33C12ED2749400D5C7ED /* Resources */ = {
			isa = PBXResourcesBuildPhase;
			buildActionMask = 2147483647;
			files = (
			);
			runOnlyForDeploymentPostprocessing = 0;
		};
		5AEA33D22ED2749400D5C7ED /* Resources */ = {
			isa = PBXResourcesBuildPhase;
			buildActionMask = 2147483647;
			files = (
			);
			runOnlyForDeploymentPostprocessing = 0;
		};
		5AEA33DC2ED2749400D5C7ED /* Resources */ = {
			isa = PBXResourcesBuildPhase;
			buildActionMask = 2147483647;
			files = (
			);
			runOnlyForDeploymentPostprocessing = 0;
		};
/* End PBXResourcesBuildPhase section */

/* Begin PBXSourcesBuildPhase section */
		5A0EE5562ED5296C00E6E58E /* Sources */ = {
			isa = PBXSourcesBuildPhase;
			buildActionMask = 2147483647;
			files = (
			);
			runOnlyForDeploymentPostprocessing = 0;
		};
		5AEA33BF2ED2749400D5C7ED /* Sources */ = {
			isa = PBXSourcesBuildPhase;
			buildActionMask = 2147483647;
			files = (
			);
			runOnlyForDeploymentPostprocessing = 0;
		};
		5AEA33D02ED2749400D5C7ED /* Sources */ = {
			isa = PBXSourcesBuildPhase;
			buildActionMask = 2147483647;
			files = (
			);
			runOnlyForDeploymentPostprocessing = 0;
		};
		5AEA33DA2ED2749400D5C7ED /* Sources */ = {
			isa = PBXSourcesBuildPhase;
			buildActionMask = 2147483647;
			files = (
			);
			runOnlyForDeploymentPostprocessing = 0;
		};
/* End PBXSourcesBuildPhase section */

/* Begin PBXTargetDependency section */
		5A0EE56D2ED5296D00E6E58E /* PBXTargetDependency */ = {
			isa = PBXTargetDependency;
			target = 5A0EE5592ED5296C00E6E58E /* PauseWidgetExtension */;
			targetProxy = 5A0EE56C2ED5296D00E6E58E /* PBXContainerItemProxy */;
		};
		5AEA33D62ED2749400D5C7ED /* PBXTargetDependency */ = {
			isa = PBXTargetDependency;
			target = 5AEA33C22ED2749400D5C7ED /* Pause */;
			targetProxy = 5AEA33D52ED2749400D5C7ED /* PBXContainerItemProxy */;
		};
		5AEA33E02ED2749400D5C7ED /* PBXTargetDependency */ = {
			isa = PBXTargetDependency;
			target = 5AEA33C22ED2749400D5C7ED /* Pause */;
			targetProxy = 5AEA33DF2ED2749400D5C7ED /* PBXContainerItemProxy */;
		};
/* End PBXTargetDependency section */

/* Begin XCBuildConfiguration section */
		5A0EE5702ED5296D00E6E58E /* Debug */ = {
			isa = XCBuildConfiguration;
			buildSettings = {
				ASSETCATALOG_COMPILER_GLOBAL_ACCENT_COLOR_NAME = AccentColor;
				ASSETCATALOG_COMPILER_WIDGET_BACKGROUND_COLOR_NAME = WidgetBackground;
				CODE_SIGN_ENTITLEMENTS = PauseWidgetExtension.entitlements;
				CODE_SIGN_STYLE = Automatic;
				CURRENT_PROJECT_VERSION = 1;
				DEVELOPMENT_TEAM = H7LG8SK72M;
				GENERATE_INFOPLIST_FILE = YES;
				INFOPLIST_FILE = PauseWidget/Info.plist;
				INFOPLIST_KEY_CFBundleDisplayName = PauseWidget;
				INFOPLIST_KEY_NSHumanReadableCopyright = "";
				LD_RUNPATH_SEARCH_PATHS = (
					"$(inherited)",
					"@executable_path/Frameworks",
					"@executable_path/../../Frameworks",
				);
				MARKETING_VERSION = 1.0.4;
				PRODUCT_BUNDLE_IDENTIFIER = dn.Pause.PauseWidget;
				PRODUCT_NAME = "$(TARGET_NAME)";
				SKIP_INSTALL = YES;
				STRING_CATALOG_GENERATE_SYMBOLS = YES;
				SUPPORTED_PLATFORMS = "iphoneos iphonesimulator";
				SUPPORTS_MACCATALYST = NO;
				SUPPORTS_MAC_DESIGNED_FOR_IPHONE_IPAD = NO;
				SUPPORTS_XR_DESIGNED_FOR_IPHONE_IPAD = NO;
				SWIFT_APPROACHABLE_CONCURRENCY = YES;
				SWIFT_EMIT_LOC_STRINGS = YES;
				SWIFT_UPCOMING_FEATURE_MEMBER_IMPORT_VISIBILITY = YES;
				SWIFT_VERSION = 5.0;
				TARGETED_DEVICE_FAMILY = "1,2";
			};
			name = Debug;
		};
		5A0EE5712ED5296D00E6E58E /* Release */ = {
			isa = XCBuildConfiguration;
			buildSettings = {
				ASSETCATALOG_COMPILER_GLOBAL_ACCENT_COLOR_NAME = AccentColor;
				ASSETCATALOG_COMPILER_WIDGET_BACKGROUND_COLOR_NAME = WidgetBackground;
				CODE_SIGN_ENTITLEMENTS = PauseWidgetExtension.entitlements;
				CODE_SIGN_STYLE = Automatic;
				CURRENT_PROJECT_VERSION = 1;
				DEVELOPMENT_TEAM = H7LG8SK72M;
				GENERATE_INFOPLIST_FILE = YES;
				INFOPLIST_FILE = PauseWidget/Info.plist;
				INFOPLIST_KEY_CFBundleDisplayName = PauseWidget;
				INFOPLIST_KEY_NSHumanReadableCopyright = "";
				LD_RUNPATH_SEARCH_PATHS = (
					"$(inherited)",
					"@executable_path/Frameworks",
					"@executable_path/../../Frameworks",
				);
				MARKETING_VERSION = 1.0.4;
				PRODUCT_BUNDLE_IDENTIFIER = dn.Pause.PauseWidget;
				PRODUCT_NAME = "$(TARGET_NAME)";
				SKIP_INSTALL = YES;
				STRING_CATALOG_GENERATE_SYMBOLS = YES;
				SUPPORTED_PLATFORMS = "iphoneos iphonesimulator";
				SUPPORTS_MACCATALYST = NO;
				SUPPORTS_MAC_DESIGNED_FOR_IPHONE_IPAD = NO;
				SUPPORTS_XR_DESIGNED_FOR_IPHONE_IPAD = NO;
				SWIFT_APPROACHABLE_CONCURRENCY = YES;
				SWIFT_EMIT_LOC_STRINGS = YES;
				SWIFT_UPCOMING_FEATURE_MEMBER_IMPORT_VISIBILITY = YES;
				SWIFT_VERSION = 5.0;
				TARGETED_DEVICE_FAMILY = "1,2";
			};
			name = Release;
		};
		5AEA33E82ED2749400D5C7ED /* Debug */ = {
			isa = XCBuildConfiguration;
			buildSettings = {
				ASSETCATALOG_COMPILER_APPICON_NAME = AppIcon;
				ASSETCATALOG_COMPILER_GLOBAL_ACCENT_COLOR_NAME = AccentColor;
				CODE_SIGN_ENTITLEMENTS = Pause/Pause.entitlements;
				CODE_SIGN_STYLE = Automatic;
				CURRENT_PROJECT_VERSION = 1;
				DEVELOPMENT_TEAM = H7LG8SK72M;
				ENABLE_PREVIEWS = YES;
				GENERATE_INFOPLIST_FILE = YES;
				INFOPLIST_FILE = Pause/Info.plist;
				INFOPLIST_KEY_CFBundleDisplayName = Pause;
				INFOPLIST_KEY_LSApplicationCategoryType = "public.app-category.lifestyle";
				INFOPLIST_KEY_UIApplicationSceneManifest_Generation = YES;
				INFOPLIST_KEY_UIApplicationSupportsIndirectInputEvents = YES;
				INFOPLIST_KEY_UILaunchScreen_Generation = YES;
				INFOPLIST_KEY_UISupportedInterfaceOrientations = UIInterfaceOrientationPortrait;
				LD_RUNPATH_SEARCH_PATHS = (
					"$(inherited)",
					"@executable_path/Frameworks",
				);
				MARKETING_VERSION = 1.0.4;
				PRODUCT_BUNDLE_IDENTIFIER = dn.Pause;
				PRODUCT_NAME = "$(TARGET_NAME)";
				STRING_CATALOG_GENERATE_SYMBOLS = YES;
				SUPPORTED_PLATFORMS = "iphoneos iphonesimulator";
				SUPPORTS_MACCATALYST = NO;
				SUPPORTS_MAC_DESIGNED_FOR_IPHONE_IPAD = NO;
				SUPPORTS_XR_DESIGNED_FOR_IPHONE_IPAD = NO;
				SWIFT_APPROACHABLE_CONCURRENCY = YES;
				SWIFT_DEFAULT_ACTOR_ISOLATION = MainActor;
				SWIFT_EMIT_LOC_STRINGS = YES;
				SWIFT_UPCOMING_FEATURE_MEMBER_IMPORT_VISIBILITY = YES;
				SWIFT_VERSION = 5.0;
				TARGETED_DEVICE_FAMILY = "1,2";
			};
			name = Debug;
		};
		5AEA33E92ED2749400D5C7ED /* Release */ = {
			isa = XCBuildConfiguration;
			buildSettings = {
				ASSETCATALOG_COMPILER_APPICON_NAME = AppIcon;
				ASSETCATALOG_COMPILER_GLOBAL_ACCENT_COLOR_NAME = AccentColor;
				CODE_SIGN_ENTITLEMENTS = Pause/Pause.entitlements;
				CODE_SIGN_STYLE = Automatic;
				CURRENT_PROJECT_VERSION = 1;
				DEVELOPMENT_TEAM = H7LG8SK72M;
				ENABLE_PREVIEWS = YES;
				GENERATE_INFOPLIST_FILE = YES;
				INFOPLIST_FILE = Pause/Info.plist;
				INFOPLIST_KEY_CFBundleDisplayName = Pause;
				INFOPLIST_KEY_LSApplicationCategoryType = "public.app-category.lifestyle";
				INFOPLIST_KEY_UIApplicationSceneManifest_Generation = YES;
				INFOPLIST_KEY_UIApplicationSupportsIndirectInputEvents = YES;
				INFOPLIST_KEY_UILaunchScreen_Generation = YES;
				INFOPLIST_KEY_UISupportedInterfaceOrientations = UIInterfaceOrientationPortrait;
				LD_RUNPATH_SEARCH_PATHS = (
					"$(inherited)",
					"@executable_path/Frameworks",
				);
				MARKETING_VERSION = 1.0.4;
				PRODUCT_BUNDLE_IDENTIFIER = dn.Pause;
				PRODUCT_NAME = "$(TARGET_NAME)";
				STRING_CATALOG_GENERATE_SYMBOLS = YES;
				SUPPORTED_PLATFORMS = "iphoneos iphonesimulator";
				SUPPORTS_MACCATALYST = NO;
				SUPPORTS_MAC_DESIGNED_FOR_IPHONE_IPAD = NO;
				SUPPORTS_XR_DESIGNED_FOR_IPHONE_IPAD = NO;
				SWIFT_APPROACHABLE_CONCURRENCY = YES;
				SWIFT_DEFAULT_ACTOR_ISOLATION = MainActor;
				SWIFT_EMIT_LOC_STRINGS = YES;
				SWIFT_UPCOMING_FEATURE_MEMBER_IMPORT_VISIBILITY = YES;
				SWIFT_VERSION = 5.0;
				TARGETED_DEVICE_FAMILY = "1,2";
			};
			name = Release;
		};
		5AEA33EA2ED2749400D5C7ED /* Debug */ = {
			isa = XCBuildConfiguration;
			buildSettings = {
				ALWAYS_SEARCH_USER_PATHS = NO;
				ASSETCATALOG_COMPILER_GENERATE_SWIFT_ASSET_SYMBOL_EXTENSIONS = YES;
				CLANG_ANALYZER_NONNULL = YES;
				CLANG_ANALYZER_NUMBER_OBJECT_CONVERSION = YES_AGGRESSIVE;
				CLANG_CXX_LANGUAGE_STANDARD = "gnu++20";
				CLANG_ENABLE_MODULES = YES;
				CLANG_ENABLE_OBJC_ARC = YES;
				CLANG_ENABLE_OBJC_WEAK = YES;
				CLANG_WARN_BLOCK_CAPTURE_AUTORELEASING = YES;
				CLANG_WARN_BOOL_CONVERSION = YES;
				CLANG_WARN_COMMA = YES;
				CLANG_WARN_CONSTANT_CONVERSION = YES;
				CLANG_WARN_DEPRECATED_OBJC_IMPLEMENTATIONS = YES;
				CLANG_WARN_DIRECT_OBJC_ISA_USAGE = YES_ERROR;
				CLANG_WARN_DOCUMENTATION_COMMENTS = YES;
				CLANG_WARN_EMPTY_BODY = YES;
				CLANG_WARN_ENUM_CONVERSION = YES;
				CLANG_WARN_INFINITE_RECURSION = YES;
				CLANG_WARN_INT_CONVERSION = YES;
				CLANG_WARN_NON_LITERAL_NULL_CONVERSION = YES;
				CLANG_WARN_OBJC_IMPLICIT_RETAIN_SELF = YES;
				CLANG_WARN_OBJC_LITERAL_CONVERSION = YES;
				CLANG_WARN_OBJC_ROOT_CLASS = YES_ERROR;
				CLANG_WARN_QUOTED_INCLUDE_IN_FRAMEWORK_HEADER = YES;
				CLANG_WARN_RANGE_LOOP_ANALYSIS = YES;
				CLANG_WARN_STRICT_PROTOTYPES = YES;
				CLANG_WARN_SUSPICIOUS_MOVE = YES;
				CLANG_WARN_UNGUARDED_AVAILABILITY = YES_AGGRESSIVE;
				CLANG_WARN_UNREACHABLE_CODE = YES;
				CLANG_WARN__DUPLICATE_METHOD_MATCH = YES;
				COPY_PHASE_STRIP = NO;
				DEBUG_INFORMATION_FORMAT = dwarf;
				DEVELOPMENT_TEAM = H7LG8SK72M;
				ENABLE_STRICT_OBJC_MSGSEND = YES;
				ENABLE_TESTABILITY = YES;
				ENABLE_USER_SCRIPT_SANDBOXING = YES;
				GCC_C_LANGUAGE_STANDARD = gnu17;
				GCC_DYNAMIC_NO_PIC = NO;
				GCC_NO_COMMON_BLOCKS = YES;
				GCC_OPTIMIZATION_LEVEL = 0;
				GCC_PREPROCESSOR_DEFINITIONS = (
					"DEBUG=1",
					"$(inherited)",
				);
				GCC_WARN_64_TO_32_BIT_CONVERSION = YES;
				GCC_WARN_ABOUT_RETURN_TYPE = YES_ERROR;
				GCC_WARN_UNDECLARED_SELECTOR = YES;
				GCC_WARN_UNINITIALIZED_AUTOS = YES_AGGRESSIVE;
				GCC_WARN_UNUSED_FUNCTION = YES;
				GCC_WARN_UNUSED_VARIABLE = YES;
				GENERATE_INFOPLIST_FILE = YES;
				IPHONEOS_DEPLOYMENT_TARGET = 26.1;
				LOCALIZATION_PREFERS_STRING_CATALOGS = YES;
				MTL_ENABLE_DEBUG_INFO = INCLUDE_SOURCE;
				MTL_FAST_MATH = YES;
				ONLY_ACTIVE_ARCH = YES;
				SDKROOT = iphoneos;
				SWIFT_ACTIVE_COMPILATION_CONDITIONS = "DEBUG $(inherited)";
				SWIFT_OPTIMIZATION_LEVEL = "-Onone";
			};
			name = Debug;
		};
		5AEA33EB2ED2749400D5C7ED /* Release */ = {
			isa = XCBuildConfiguration;
			buildSettings = {
				ALWAYS_SEARCH_USER_PATHS = NO;
				ASSETCATALOG_COMPILER_GENERATE_SWIFT_ASSET_SYMBOL_EXTENSIONS = YES;
				CLANG_ANALYZER_NONNULL = YES;
				CLANG_ANALYZER_NUMBER_OBJECT_CONVERSION = YES_AGGRESSIVE;
				CLANG_CXX_LANGUAGE_STANDARD = "gnu++20";
				CLANG_ENABLE_MODULES = YES;
				CLANG_ENABLE_OBJC_ARC = YES;
				CLANG_ENABLE_OBJC_WEAK = YES;
				CLANG_WARN_BLOCK_CAPTURE_AUTORELEASING = YES;
				CLANG_WARN_BOOL_CONVERSION = YES;
				CLANG_WARN_COMMA = YES;
				CLANG_WARN_CONSTANT_CONVERSION = YES;
				CLANG_WARN_DEPRECATED_OBJC_IMPLEMENTATIONS = YES;
				CLANG_WARN_DIRECT_OBJC_ISA_USAGE = YES_ERROR;
				CLANG_WARN_DOCUMENTATION_COMMENTS = YES;
				CLANG_WARN_EMPTY_BODY = YES;
				CLANG_WARN_ENUM_CONVERSION = YES;
				CLANG_WARN_INFINITE_RECURSION = YES;
				CLANG_WARN_INT_CONVERSION = YES;
				CLANG_WARN_NON_LITERAL_NULL_CONVERSION = YES;
				CLANG_WARN_OBJC_IMPLICIT_RETAIN_SELF = YES;
				CLANG_WARN_OBJC_LITERAL_CONVERSION = YES;
				CLANG_WARN_OBJC_ROOT_CLASS = YES_ERROR;
				CLANG_WARN_QUOTED_INCLUDE_IN_FRAMEWORK_HEADER = YES;
				CLANG_WARN_RANGE_LOOP_ANALYSIS = YES;
				CLANG_WARN_STRICT_PROTOTYPES = YES;
				CLANG_WARN_SUSPICIOUS_MOVE = YES;
				CLANG_WARN_UNGUARDED_AVAILABILITY = YES_AGGRESSIVE;
				CLANG_WARN_UNREACHABLE_CODE = YES;
				CLANG_WARN__DUPLICATE_METHOD_MATCH = YES;
				COPY_PHASE_STRIP = NO;
				DEBUG_INFORMATION_FORMAT = "dwarf-with-dsym";
				DEVELOPMENT_TEAM = H7LG8SK72M;
				ENABLE_NS_ASSERTIONS = NO;
				ENABLE_STRICT_OBJC_MSGSEND = YES;
				ENABLE_USER_SCRIPT_SANDBOXING = YES;
				GCC_C_LANGUAGE_STANDARD = gnu17;
				GCC_NO_COMMON_BLOCKS = YES;
				GCC_WARN_64_TO_32_BIT_CONVERSION = YES;
				GCC_WARN_ABOUT_RETURN_TYPE = YES_ERROR;
				GCC_WARN_UNDECLARED_SELECTOR = YES;
				GCC_WARN_UNINITIALIZED_AUTOS = YES_AGGRESSIVE;
				GCC_WARN_UNUSED_FUNCTION = YES;
				GCC_WARN_UNUSED_VARIABLE = YES;
				GENERATE_INFOPLIST_FILE = YES;
				IPHONEOS_DEPLOYMENT_TARGET = 26.1;
				LOCALIZATION_PREFERS_STRING_CATALOGS = YES;
				MTL_ENABLE_DEBUG_INFO = NO;
				MTL_FAST_MATH = YES;
				SDKROOT = iphoneos;
				SWIFT_COMPILATION_MODE = wholemodule;
				VALIDATE_PRODUCT = YES;
			};
			name = Release;
		};
		5AEA33ED2ED2749400D5C7ED /* Debug */ = {
			isa = XCBuildConfiguration;
			buildSettings = {
				BUNDLE_LOADER = "$(TEST_HOST)";
				CODE_SIGN_STYLE = Automatic;
				CURRENT_PROJECT_VERSION = 1;
				DEVELOPMENT_TEAM = H7LG8SK72M;
				GENERATE_INFOPLIST_FILE = YES;
				IPHONEOS_DEPLOYMENT_TARGET = 26.1;
				MARKETING_VERSION = 1.0;
				PRODUCT_BUNDLE_IDENTIFIER = dn.PauseTests;
				PRODUCT_NAME = "$(TARGET_NAME)";
				STRING_CATALOG_GENERATE_SYMBOLS = NO;
				SUPPORTED_PLATFORMS = "iphoneos iphonesimulator";
				SUPPORTS_MACCATALYST = NO;
				SUPPORTS_MAC_DESIGNED_FOR_IPHONE_IPAD = NO;
				SUPPORTS_XR_DESIGNED_FOR_IPHONE_IPAD = NO;
				SWIFT_APPROACHABLE_CONCURRENCY = YES;
				SWIFT_EMIT_LOC_STRINGS = NO;
				SWIFT_UPCOMING_FEATURE_MEMBER_IMPORT_VISIBILITY = YES;
				SWIFT_VERSION = 5.0;
				TARGETED_DEVICE_FAMILY = "1,2";
				TEST_HOST = "$(BUILT_PRODUCTS_DIR)/Pause.app/$(BUNDLE_EXECUTABLE_FOLDER_PATH)/Pause";
			};
			name = Debug;
		};
		5AEA33EE2ED2749400D5C7ED /* Release */ = {
			isa = XCBuildConfiguration;
			buildSettings = {
				BUNDLE_LOADER = "$(TEST_HOST)";
				CODE_SIGN_STYLE = Automatic;
				CURRENT_PROJECT_VERSION = 1;
				DEVELOPMENT_TEAM = H7LG8SK72M;
				GENERATE_INFOPLIST_FILE = YES;
				IPHONEOS_DEPLOYMENT_TARGET = 26.1;
				MARKETING_VERSION = 1.0;
				PRODUCT_BUNDLE_IDENTIFIER = dn.PauseTests;
				PRODUCT_NAME = "$(TARGET_NAME)";
				STRING_CATALOG_GENERATE_SYMBOLS = NO;
				SUPPORTED_PLATFORMS = "iphoneos iphonesimulator";
				SUPPORTS_MACCATALYST = NO;
				SUPPORTS_MAC_DESIGNED_FOR_IPHONE_IPAD = NO;
				SUPPORTS_XR_DESIGNED_FOR_IPHONE_IPAD = NO;
				SWIFT_APPROACHABLE_CONCURRENCY = YES;
				SWIFT_EMIT_LOC_STRINGS = NO;
				SWIFT_UPCOMING_FEATURE_MEMBER_IMPORT_VISIBILITY = YES;
				SWIFT_VERSION = 5.0;
				TARGETED_DEVICE_FAMILY = "1,2";
				TEST_HOST = "$(BUILT_PRODUCTS_DIR)/Pause.app/$(BUNDLE_EXECUTABLE_FOLDER_PATH)/Pause";
			};
			name = Release;
		};
		5AEA33F02ED2749400D5C7ED /* Debug */ = {
			isa = XCBuildConfiguration;
			buildSettings = {
				CODE_SIGN_STYLE = Automatic;
				CURRENT_PROJECT_VERSION = 1;
				DEVELOPMENT_TEAM = H7LG8SK72M;
				GENERATE_INFOPLIST_FILE = YES;
				MARKETING_VERSION = 1.0;
				PRODUCT_BUNDLE_IDENTIFIER = dn.PauseUITests;
				PRODUCT_NAME = "$(TARGET_NAME)";
				STRING_CATALOG_GENERATE_SYMBOLS = NO;
				SUPPORTED_PLATFORMS = "iphoneos iphonesimulator";
				SUPPORTS_MACCATALYST = NO;
				SUPPORTS_MAC_DESIGNED_FOR_IPHONE_IPAD = NO;
				SUPPORTS_XR_DESIGNED_FOR_IPHONE_IPAD = NO;
				SWIFT_APPROACHABLE_CONCURRENCY = YES;
				SWIFT_EMIT_LOC_STRINGS = NO;
				SWIFT_UPCOMING_FEATURE_MEMBER_IMPORT_VISIBILITY = YES;
				SWIFT_VERSION = 5.0;
				TARGETED_DEVICE_FAMILY = "1,2";
				TEST_TARGET_NAME = Pause;
			};
			name = Debug;
		};
		5AEA33F12ED2749400D5C7ED /* Release */ = {
			isa = XCBuildConfiguration;
			buildSettings = {
				CODE_SIGN_STYLE = Automatic;
				CURRENT_PROJECT_VERSION = 1;
				DEVELOPMENT_TEAM = H7LG8SK72M;
				GENERATE_INFOPLIST_FILE = YES;
				MARKETING_VERSION = 1.0;
				PRODUCT_BUNDLE_IDENTIFIER = dn.PauseUITests;
				PRODUCT_NAME = "$(TARGET_NAME)";
				STRING_CATALOG_GENERATE_SYMBOLS = NO;
				SUPPORTED_PLATFORMS = "iphoneos iphonesimulator";
				SUPPORTS_MACCATALYST = NO;
				SUPPORTS_MAC_DESIGNED_FOR_IPHONE_IPAD = NO;
				SUPPORTS_XR_DESIGNED_FOR_IPHONE_IPAD = NO;
				SWIFT_APPROACHABLE_CONCURRENCY = YES;
				SWIFT_EMIT_LOC_STRINGS = NO;
				SWIFT_UPCOMING_FEATURE_MEMBER_IMPORT_VISIBILITY = YES;
				SWIFT_VERSION = 5.0;
				TARGETED_DEVICE_FAMILY = "1,2";
				TEST_TARGET_NAME = Pause;
			};
			name = Release;
		};
/* End XCBuildConfiguration section */

/* Begin XCConfigurationList section */
		5A0EE56F2ED5296D00E6E58E /* Build configuration list for PBXNativeTarget "PauseWidgetExtension" */ = {
			isa = XCConfigurationList;
			buildConfigurations = (
				5A0EE5702ED5296D00E6E58E /* Debug */,
				5A0EE5712ED5296D00E6E58E /* Release */,
			);
			defaultConfigurationIsVisible = 0;
			defaultConfigurationName = Release;
		};
		5AEA33BE2ED2749400D5C7ED /* Build configuration list for PBXProject "Pause" */ = {
			isa = XCConfigurationList;
			buildConfigurations = (
				5AEA33EA2ED2749400D5C7ED /* Debug */,
				5AEA33EB2ED2749400D5C7ED /* Release */,
			);
			defaultConfigurationIsVisible = 0;
			defaultConfigurationName = Release;
		};
		5AEA33E72ED2749400D5C7ED /* Build configuration list for PBXNativeTarget "Pause" */ = {
			isa = XCConfigurationList;
			buildConfigurations = (
				5AEA33E82ED2749400D5C7ED /* Debug */,
				5AEA33E92ED2749400D5C7ED /* Release */,
			);
			defaultConfigurationIsVisible = 0;
			defaultConfigurationName = Release;
		};
		5AEA33EC2ED2749400D5C7ED /* Build configuration list for PBXNativeTarget "PauseTests" */ = {
			isa = XCConfigurationList;
			buildConfigurations = (
				5AEA33ED2ED2749400D5C7ED /* Debug */,
				5AEA33EE2ED2749400D5C7ED /* Release */,
			);
			defaultConfigurationIsVisible = 0;
			defaultConfigurationName = Release;
		};
		5AEA33EF2ED2749400D5C7ED /* Build configuration list for PBXNativeTarget "PauseUITests" */ = {
			isa = XCConfigurationList;
			buildConfigurations = (
				5AEA33F02ED2749400D5C7ED /* Debug */,
				5AEA33F12ED2749400D5C7ED /* Release */,
			);
			defaultConfigurationIsVisible = 0;
			defaultConfigurationName = Release;
		};
/* End XCConfigurationList section */
	};
	rootObject = 5AEA33BB2ED2749400D5C7ED /* Project object */;
}
